
Microsoft Visual Studio Solution File, Format Version 12.00
# Visual Studio Version 17
VisualStudioVersion = 17.5.002.0
MinimumVisualStudioVersion = 10.0.40219.1
Project("{9A19103F-16F7-4668-BE54-9A1E7A4F7556}") = "Solenoidtest4", "Solenoidtest4.csproj", "{1C7B5921-5CC1-4D20-83CF-EA914A586DD4}"
EndProject
Global
	GlobalSection(SolutionConfigurationPlatforms) = preSolution
		Debug|Any CPU = Debug|Any CPU
		Release|Any CPU = Release|Any CPU
	EndGlobalSection
	GlobalSection(ProjectConfigurationPlatforms) = postSolution
		{1C7B5921-5CC1-4D20-83CF-EA914A586DD4}.Debug|Any CPU.ActiveCfg = Debug|Any CPU
		{1C7B5921-5CC1-4D20-83CF-EA914A586DD4}.Debug|Any CPU.Build.0 = Debug|Any CPU
		{1C7B5921-5CC1-4D20-83CF-EA914A586DD4}.Release|Any CPU.ActiveCfg = Release|Any CPU
		{1C7B5921-5CC1-4D20-83CF-EA914A586DD4}.Release|Any CPU.Build.0 = Release|Any CPU
	EndGlobalSection
	GlobalSection(SolutionProperties) = preSolution
		HideSolutionNode = FALSE
	EndGlobalSection
	GlobalSection(ExtensibilityGlobals) = postSolution
		SolutionGuid = {F784E316-EF5B-4F4F-8266-CA7EB674DCAC}
	EndGlobalSection
EndGlobal
